// !$*UTF8*$!
{
	archiveVersion = 1;
	classes = {
	};
	objectVersion = 55;
	objects = {

/* Begin PBXBuildFile section */
		B74F4F1527C5FDEB00817A77 /* IMDBApp.swift in Sources */ = {isa = PBXBuildFile; fileRef = B74F4F1427C5FDEB00817A77 /* IMDBApp.swift */; };
		B74F4F1727C6199A00817A77 /* MovieDetailView.swift in Sources */ = {isa = PBXBuildFile; fileRef = B74F4F1627C6199A00817A77 /* MovieDetailView.swift */; };
		B74F4F1927C619C600817A77 /* IMDBAPI.swift in Sources */ = {isa = PBXBuildFile; fileRef = B74F4F1827C619C600817A77 /* IMDBAPI.swift */; };
		B784D3E327C479360065215E /* MoviesListView.swift in Sources */ = {isa = PBXBuildFile; fileRef = B784D3E227C479360065215E /* MoviesListView.swift */; };
		B784D3E727C4793C0065215E /* Assets.xcassets in Resources */ = {isa = PBXBuildFile; fileRef = B784D3E627C4793C0065215E /* Assets.xcassets */; };
		B784D3EA27C4793C0065215E /* Preview Assets.xcassets in Resources */ = {isa = PBXBuildFile; fileRef = B784D3E927C4793C0065215E /* Preview Assets.xcassets */; };
		B784D3F427C4793C0065215E /* IMDB_SwiftUITests.swift in Sources */ = {isa = PBXBuildFile; fileRef = B784D3F327C4793C0065215E /* IMDB_SwiftUITests.swift */; };
		B784D3FE27C4793C0065215E /* IMDB_SwiftUIUITests.swift in Sources */ = {isa = PBXBuildFile; fileRef = B784D3FD27C4793C0065215E /* IMDB_SwiftUIUITests.swift */; };
		B784D40027C4793C0065215E /* IMDB_SwiftUIUITestsLaunchTests.swift in Sources */ = {isa = PBXBuildFile; fileRef = B784D3FF27C4793C0065215E /* IMDB_SwiftUIUITestsLaunchTests.swift */; };
/* End PBXBuildFile section */

/* Begin PBXContainerItemProxy section */
		B784D3F027C4793C0065215E /* PBXContainerItemProxy */ = {
			isa = PBXContainerItemProxy;
			containerPortal = B784D3D727C479360065215E /* Project object */;
			proxyType = 1;
			remoteGlobalIDString = B784D3DE27C479360065215E;
			remoteInfo = "IMDB-SwiftUI";
		};
		B784D3FA27C4793C0065215E /* PBXContainerItemProxy */ = {
			isa = PBXContainerItemProxy;
			containerPortal = B784D3D727C479360065215E /* Project object */;
			proxyType = 1;
			remoteGlobalIDString = B784D3DE27C479360065215E;
			remoteInfo = "IMDB-SwiftUI";
		};
/* End PBXContainerItemProxy section */

/* Begin PBXFileReference section */
		B74F4F1427C5FDEB00817A77 /* IMDBApp.swift */ = {isa = PBXFileReference; lastKnownFileType = sourcecode.swift; path = IMDBApp.swift; sourceTree = "<group>"; };
		B74F4F1627C6199A00817A77 /* MovieDetailView.swift */ = {isa = PBXFileReference; lastKnownFileType = sourcecode.swift; path = MovieDetailView.swift; sourceTree = "<group>"; };
		B74F4F1827C619C600817A77 /* IMDBAPI.swift */ = {isa = PBXFileReference; lastKnownFileType = sourcecode.swift; path = IMDBAPI.swift; sourceTree = "<group>"; };
		B74F4F1A27C675A400817A77 /* Info.plist */ = {isa = PBXFileReference; lastKnownFileType = text.plist; path = Info.plist; sourceTree = "<group>"; };
		B784D3DF27C479360065215E /* IMDB-SwiftUI.app */ = {isa = PBXFileReference; explicitFileType = wrapper.application; includeInIndex = 0; path = "IMDB-SwiftUI.app"; sourceTree = BUILT_PRODUCTS_DIR; };
		B784D3E227C479360065215E /* MoviesListView.swift */ = {isa = PBXFileReference; lastKnownFileType = sourcecode.swift; path = MoviesListView.swift; sourceTree = "<group>"; };
		B784D3E627C4793C0065215E /* Assets.xcassets */ = {isa = PBXFileReference; lastKnownFileType = folder.assetcatalog; path = Assets.xcassets; sourceTree = "<group>"; };
		B784D3E927C4793C0065215E /* Preview Assets.xcassets */ = {isa = PBXFileReference; lastKnownFileType = folder.assetcatalog; path = "Preview Assets.xcassets"; sourceTree = "<group>"; };
		B784D3EF27C4793C0065215E /* IMDB-SwiftUITests.xctest */ = {isa = PBXFileReference; explicitFileType = wrapper.cfbundle; includeInIndex = 0; path = "IMDB-SwiftUITests.xctest"; sourceTree = BUILT_PRODUCTS_DIR; };
		B784D3F327C4793C0065215E /* IMDB_SwiftUITests.swift */ = {isa = PBXFileReference; lastKnownFileType = sourcecode.swift; path = IMDB_SwiftUITests.swift; sourceTree = "<group>"; };
		B784D3F927C4793C0065215E /* IMDB-SwiftUIUITests.xctest */ = {isa = PBXFileReference; explicitFileType = wrapper.cfbundle; includeInIndex = 0; path = "IMDB-SwiftUIUITests.xctest"; sourceTree = BUILT_PRODUCTS_DIR; };
		B784D3FD27C4793C0065215E /* IMDB_SwiftUIUITests.swift */ = {isa = PBXFileReference; lastKnownFileType = sourcecode.swift; path = IMDB_SwiftUIUITests.swift; sourceTree = "<group>"; };
		B784D3FF27C4793C0065215E /* IMDB_SwiftUIUITestsLaunchTests.swift */ = {isa = PBXFileReference; lastKnownFileType = sourcecode.swift; path = IMDB_SwiftUIUITestsLaunchTests.swift; sourceTree = "<group>"; };
/* End PBXFileReference section */

/* Begin PBXFrameworksBuildPhase section */
		B784D3DC27C479360065215E /* Frameworks */ = {
			isa = PBXFrameworksBuildPhase;
			buildActionMask = 2147483647;
			files = (
			);
			runOnlyForDeploymentPostprocessing = 0;
		};
		B784D3EC27C4793C0065215E /* Frameworks */ = {
			isa = PBXFrameworksBuildPhase;
			buildActionMask = 2147483647;
			files = (
			);
			runOnlyForDeploymentPostprocessing = 0;
		};
		B784D3F627C4793C0065215E /* Frameworks */ = {
			isa = PBXFrameworksBuildPhase;
			buildActionMask = 2147483647;
			files = (
			);
			runOnlyForDeploymentPostprocessing = 0;
		};
/* End PBXFrameworksBuildPhase section */

/* Begin PBXGroup section */
		B784D3D627C479360065215E = {
			isa = PBXGroup;
			children = (
				B784D3E127C479360065215E /* IMDB-SwiftUI */,
				B784D3F227C4793C0065215E /* IMDB-SwiftUITests */,
				B784D3FC27C4793C0065215E /* IMDB-SwiftUIUITests */,
				B784D3E027C479360065215E /* Products */,
			);
			sourceTree = "<group>";
		};
		B784D3E027C479360065215E /* Products */ = {
			isa = PBXGroup;
			children = (
				B784D3DF27C479360065215E /* IMDB-SwiftUI.app */,
				B784D3EF27C4793C0065215E /* IMDB-SwiftUITests.xctest */,
				B784D3F927C4793C0065215E /* IMDB-SwiftUIUITests.xctest */,
			);
			name = Products;
			sourceTree = "<group>";
		};
		B784D3E127C479360065215E /* IMDB-SwiftUI */ = {
			isa = PBXGroup;
			children = (
				B74F4F1A27C675A400817A77 /* Info.plist */,
				B74F4F1427C5FDEB00817A77 /* IMDBApp.swift */,
				B784D3E227C479360065215E /* MoviesListView.swift */,
				B74F4F1627C6199A00817A77 /* MovieDetailView.swift */,
				B74F4F1827C619C600817A77 /* IMDBAPI.swift */,
				B784D3E627C4793C0065215E /* Assets.xcassets */,
				B784D3E827C4793C0065215E /* Preview Content */,
			);
			path = "IMDB-SwiftUI";
			sourceTree = "<group>";
		};
		B784D3E827C4793C0065215E /* Preview Content */ = {
			isa = PBXGroup;
			children = (
				B784D3E927C4793C0065215E /* Preview Assets.xcassets */,
			);
			path = "Preview Content";
			sourceTree = "<group>";
		};
		B784D3F227C4793C0065215E /* IMDB-SwiftUITests */ = {
			isa = PBXGroup;
			children = (
				B784D3F327C4793C0065215E /* IMDB_SwiftUITests.swift */,
			);
			path = "IMDB-SwiftUITests";
			sourceTree = "<group>";
		};
		B784D3FC27C4793C0065215E /* IMDB-SwiftUIUITests */ = {
			isa = PBXGroup;
			children = (
				B784D3FD27C4793C0065215E /* IMDB_SwiftUIUITests.swift */,
				B784D3FF27C4793C0065215E /* IMDB_SwiftUIUITestsLaunchTests.swift */,
			);
			path = "IMDB-SwiftUIUITests";
			sourceTree = "<group>";
		};
/* End PBXGroup section */

/* Begin PBXNativeTarget section */
		B784D3DE27C479360065215E /* IMDB-SwiftUI */ = {
			isa = PBXNativeTarget;
			buildConfigurationList = B784D40327C4793C0065215E /* Build configuration list for PBXNativeTarget "IMDB-SwiftUI" */;
			buildPhases = (
				B784D3DB27C479360065215E /* Sources */,
				B784D3DC27C479360065215E /* Frameworks */,
				B784D3DD27C479360065215E /* Resources */,
			);
			buildRules = (
			);
			dependencies = (
			);
			name = "IMDB-SwiftUI";
			productName = "IMDB-SwiftUI";
			productReference = B784D3DF27C479360065215E /* IMDB-SwiftUI.app */;
			productType = "com.apple.product-type.application";
		};
		B784D3EE27C4793C0065215E /* IMDB-SwiftUITests */ = {
			isa = PBXNativeTarget;
			buildConfigurationList = B784D40627C4793C0065215E /* Build configuration list for PBXNativeTarget "IMDB-SwiftUITests" */;
			buildPhases = (
				B784D3EB27C4793C0065215E /* Sources */,
				B784D3EC27C4793C0065215E /* Frameworks */,
				B784D3ED27C4793C0065215E /* Resources */,
			);
			buildRules = (
			);
			dependencies = (
				B784D3F127C4793C0065215E /* PBXTargetDependency */,
			);
			name = "IMDB-SwiftUITests";
			productName = "IMDB-SwiftUITests";
			productReference = B784D3EF27C4793C0065215E /* IMDB-SwiftUITests.xctest */;
			productType = "com.apple.product-type.bundle.unit-test";
		};
		B784D3F827C4793C0065215E /* IMDB-SwiftUIUITests */ = {
			isa = PBXNativeTarget;
			buildConfigurationList = B784D40927C4793C0065215E /* Build configuration list for PBXNativeTarget "IMDB-SwiftUIUITests" */;
			buildPhases = (
				B784D3F527C4793C0065215E /* Sources */,
				B784D3F627C4793C0065215E /* Frameworks */,
				B784D3F727C4793C0065215E /* Resources */,
			);
			buildRules = (
			);
			dependencies = (
				B784D3FB27C4793C0065215E /* PBXTargetDependency */,
			);
			name = "IMDB-SwiftUIUITests";
			productName = "IMDB-SwiftUIUITests";
			productReference = B784D3F927C4793C0065215E /* IMDB-SwiftUIUITests.xctest */;
			productType = "com.apple.product-type.bundle.ui-testing";
		};
/* End PBXNativeTarget section */

/* Begin PBXProject section */
		B784D3D727C479360065215E /* Project object */ = {
			isa = PBXProject;
			attributes = {
				BuildIndependentTargetsInParallel = 1;
				LastSwiftUpdateCheck = 1320;
				LastUpgradeCheck = 1320;
				TargetAttributes = {
					B784D3DE27C479360065215E = {
						CreatedOnToolsVersion = 13.2.1;
					};
					B784D3EE27C4793C0065215E = {
						CreatedOnToolsVersion = 13.2.1;
						TestTargetID = B784D3DE27C479360065215E;
					};
					B784D3F827C4793C0065215E = {
						CreatedOnToolsVersion = 13.2.1;
						TestTargetID = B784D3DE27C479360065215E;
					};
				};
			};
			buildConfigurationList = B784D3DA27C479360065215E /* Build configuration list for PBXProject "IMDB-SwiftUI" */;
			compatibilityVersion = "Xcode 13.0";
			developmentRegion = en;
			hasScannedForEncodings = 0;
			knownRegions = (
				en,
				Base,
			);
			mainGroup = B784D3D627C479360065215E;
			productRefGroup = B784D3E027C479360065215E /* Products */;
			projectDirPath = "";
			projectRoot = "";
			targets = (
				B784D3DE27C479360065215E /* IMDB-SwiftUI */,
				B784D3EE27C4793C0065215E /* IMDB-SwiftUITests */,
				B784D3F827C4793C0065215E /* IMDB-SwiftUIUITests */,
			);
		};
/* End PBXProject section */

/* Begin PBXResourcesBuildPhase section */
		B784D3DD27C479360065215E /* Resources */ = {
			isa = PBXResourcesBuildPhase;
			buildActionMask = 2147483647;
			files = (
				B784D3EA27C4793C0065215E /* Preview Assets.xcassets in Resources */,
				B784D3E727C4793C0065215E /* Assets.xcassets in Resources */,
			);
			runOnlyForDeploymentPostprocessing = 0;
		};
		B784D3ED27C4793C0065215E /* Resources */ = {
			isa = PBXResourcesBuildPhase;
			buildActionMask = 2147483647;
			files = (
			);
			runOnlyForDeploymentPostprocessing = 0;
		};
		B784D3F727C4793C0065215E /* Resources */ = {
			isa = PBXResourcesBuildPhase;
			buildActionMask = 2147483647;
			files = (
			);
			runOnlyForDeploymentPostprocessing = 0;
		};
/* End PBXResourcesBuildPhase section */

/* Begin PBXSourcesBuildPhase section */
		B784D3DB27C479360065215E /* Sources */ = {
			isa = PBXSourcesBuildPhase;
			buildActionMask = 2147483647;
			files = (
				B74F4F1527C5FDEB00817A77 /* IMDBApp.swift in Sources */,
				B74F4F1927C619C600817A77 /* IMDBAPI.swift in Sources */,
				B74F4F1727C6199A00817A77 /* MovieDetailView.swift in Sources */,
				B784D3E327C479360065215E /* MoviesListView.swift in Sources */,
			);
			runOnlyForDeploymentPostprocessing = 0;
		};
		B784D3EB27C4793C0065215E /* Sources */ = {
			isa = PBXSourcesBuildPhase;
			buildActionMask = 2147483647;
			files = (
				B784D3F427C4793C0065215E /* IMDB_SwiftUITests.swift in Sources */,
			);
			runOnlyForDeploymentPostprocessing = 0;
		};
		B784D3F527C4793C0065215E /* Sources */ = {
			isa = PBXSourcesBuildPhase;
			buildActionMask = 2147483647;
			files = (
				B784D40027C4793C0065215E /* IMDB_SwiftUIUITestsLaunchTests.swift in Sources */,
				B784D3FE27C4793C0065215E /* IMDB_SwiftUIUITests.swift in Sources */,
			);
			runOnlyForDeploymentPostprocessing = 0;
		};
/* End PBXSourcesBuildPhase section */

/* Begin PBXTargetDependency section */
		B784D3F127C4793C0065215E /* PBXTargetDependency */ = {
			isa = PBXTargetDependency;
			target = B784D3DE27C479360065215E /* IMDB-SwiftUI */;
			targetProxy = B784D3F027C4793C0065215E /* PBXContainerItemProxy */;
		};
		B784D3FB27C4793C0065215E /* PBXTargetDependency */ = {
			isa = PBXTargetDependency;
			target = B784D3DE27C479360065215E /* IMDB-SwiftUI */;
			targetProxy = B784D3FA27C4793C0065215E /* PBXContainerItemProxy */;
		};
/* End PBXTargetDependency section */

/* Begin XCBuildConfiguration section */
		B784D40127C4793C0065215E /* Debug */ = {
			isa = XCBuildConfiguration;
			buildSettings = {
				ALWAYS_SEARCH_USER_PATHS = NO;
				CLANG_ANALYZER_NONNULL = YES;
				CLANG_ANALYZER_NUMBER_OBJECT_CONVERSION = YES_AGGRESSIVE;
				CLANG_CXX_LANGUAGE_STANDARD = "gnu++17";
				CLANG_CXX_LIBRARY = "libc++";
				CLANG_ENABLE_MODULES = YES;
				CLANG_ENABLE_OBJC_ARC = YES;
				CLANG_ENABLE_OBJC_WEAK = YES;
				CLANG_WARN_BLOCK_CAPTURE_AUTORELEASING = YES;
				CLANG_WARN_BOOL_CONVERSION = YES;
				CLANG_WARN_COMMA = YES;
				CLANG_WARN_CONSTANT_CONVERSION = YES;
				CLANG_WARN_DEPRECATED_OBJC_IMPLEMENTATIONS = YES;
				CLANG_WARN_DIRECT_OBJC_ISA_USAGE = YES_ERROR;
				CLANG_WARN_DOCUMENTATION_COMMENTS = YES;
				CLANG_WARN_EMPTY_BODY = YES;
				CLANG_WARN_ENUM_CONVERSION = YES;
				CLANG_WARN_INFINITE_RECURSION = YES;
				CLANG_WARN_INT_CONVERSION = YES;
				CLANG_WARN_NON_LITERAL_NULL_CONVERSION = YES;
				CLANG_WARN_OBJC_IMPLICIT_RETAIN_SELF = YES;
				CLANG_WARN_OBJC_LITERAL_CONVERSION = YES;
				CLANG_WARN_OBJC_ROOT_CLASS = YES_ERROR;
				CLANG_WARN_QUOTED_INCLUDE_IN_FRAMEWORK_HEADER = YES;
				CLANG_WARN_RANGE_LOOP_ANALYSIS = YES;
				CLANG_WARN_STRICT_PROTOTYPES = YES;
				CLANG_WARN_SUSPICIOUS_MOVE = YES;
				CLANG_WARN_UNGUARDED_AVAILABILITY = YES_AGGRESSIVE;
				CLANG_WARN_UNREACHABLE_CODE = YES;
				CLANG_WARN__DUPLICATE_METHOD_MATCH = YES;
				COPY_PHASE_STRIP = NO;
				DEBUG_INFORMATION_FORMAT = dwarf;
				ENABLE_STRICT_OBJC_MSGSEND = YES;
				ENABLE_TESTABILITY = YES;
				GCC_C_LANGUAGE_STANDARD = gnu11;
				GCC_DYNAMIC_NO_PIC = NO;
				GCC_NO_COMMON_BLOCKS = YES;
				GCC_OPTIMIZATION_LEVEL = 0;
				GCC_PREPROCESSOR_DEFINITIONS = (
					"DEBUG=1",
					"$(inherited)",
				);
				GCC_WARN_64_TO_32_BIT_CONVERSION = YES;
				GCC_WARN_ABOUT_RETURN_TYPE = YES_ERROR;
				GCC_WARN_UNDECLARED_SELECTOR = YES;
				GCC_WARN_UNINITIALIZED_AUTOS = YES_AGGRESSIVE;
				GCC_WARN_UNUSED_FUNCTION = YES;
				GCC_WARN_UNUSED_VARIABLE = YES;
				IPHONEOS_DEPLOYMENT_TARGET = 15.2;
				MTL_ENABLE_DEBUG_INFO = INCLUDE_SOURCE;
				MTL_FAST_MATH = YES;
				ONLY_ACTIVE_ARCH = YES;
				SDKROOT = iphoneos;
				SWIFT_ACTIVE_COMPILATION_CONDITIONS = DEBUG;
				SWIFT_OPTIMIZATION_LEVEL = "-Onone";
			};
			name = Debug;
		};
		B784D40227C4793C0065215E /* Release */ = {
			isa = XCBuildConfiguration;
			buildSettings = {
				ALWAYS_SEARCH_USER_PATHS = NO;
				CLANG_ANALYZER_NONNULL = YES;
				CLANG_ANALYZER_NUMBER_OBJECT_CONVERSION = YES_AGGRESSIVE;
				CLANG_CXX_LANGUAGE_STANDARD = "gnu++17";
				CLANG_CXX_LIBRARY = "libc++";
				CLANG_ENABLE_MODULES = YES;
				CLANG_ENABLE_OBJC_ARC = YES;
				CLANG_ENABLE_OBJC_WEAK = YES;
				CLANG_WARN_BLOCK_CAPTURE_AUTORELEASING = YES;
				CLANG_WARN_BOOL_CONVERSION = YES;
				CLANG_WARN_COMMA = YES;
				CLANG_WARN_CONSTANT_CONVERSION = YES;
				CLANG_WARN_DEPRECATED_OBJC_IMPLEMENTATIONS = YES;
				CLANG_WARN_DIRECT_OBJC_ISA_USAGE = YES_ERROR;
				CLANG_WARN_DOCUMENTATION_COMMENTS = YES;
				CLANG_WARN_EMPTY_BODY = YES;
				CLANG_WARN_ENUM_CONVERSION = YES;
				CLANG_WARN_INFINITE_RECURSION = YES;
				CLANG_WARN_INT_CONVERSION = YES;
				CLANG_WARN_NON_LITERAL_NULL_CONVERSION = YES;
				CLANG_WARN_OBJC_IMPLICIT_RETAIN_SELF = YES;
				CLANG_WARN_OBJC_LITERAL_CONVERSION = YES;
				CLANG_WARN_OBJC_ROOT_CLASS = YES_ERROR;
				CLANG_WARN_QUOTED_INCLUDE_IN_FRAMEWORK_HEADER = YES;
				CLANG_WARN_RANGE_LOOP_ANALYSIS = YES;
				CLANG_WARN_STRICT_PROTOTYPES = YES;
				CLANG_WARN_SUSPICIOUS_MOVE = YES;
				CLANG_WARN_UNGUARDED_AVAILABILITY = YES_AGGRESSIVE;
				CLANG_WARN_UNREACHABLE_CODE = YES;
				CLANG_WARN__DUPLICATE_METHOD_MATCH = YES;
				COPY_PHASE_STRIP = NO;
				DEBUG_INFORMATION_FORMAT = "dwarf-with-dsym";
				ENABLE_NS_ASSERTIONS = NO;
				ENABLE_STRICT_OBJC_MSGSEND = YES;
				GCC_C_LANGUAGE_STANDARD = gnu11;
				GCC_NO_COMMON_BLOCKS = YES;
				GCC_WARN_64_TO_32_BIT_CONVERSION = YES;
				GCC_WARN_ABOUT_RETURN_TYPE = YES_ERROR;
				GCC_WARN_UNDECLARED_SELECTOR = YES;
				GCC_WARN_UNINITIALIZED_AUTOS = YES_AGGRESSIVE;
				GCC_WARN_UNUSED_FUNCTION = YES;
				GCC_WARN_UNUSED_VARIABLE = YES;
				IPHONEOS_DEPLOYMENT_TARGET = 15.2;
				MTL_ENABLE_DEBUG_INFO = NO;
				MTL_FAST_MATH = YES;
				SDKROOT = iphoneos;
				SWIFT_COMPILATION_MODE = wholemodule;
				SWIFT_OPTIMIZATION_LEVEL = "-O";
				VALIDATE_PRODUCT = YES;
			};
			name = Release;
		};
		B784D40427C4793C0065215E /* Debug */ = {
			isa = XCBuildConfiguration;
			buildSettings = {
				ASSETCATALOG_COMPILER_APPICON_NAME = AppIcon;
				ASSETCATALOG_COMPILER_GLOBAL_ACCENT_COLOR_NAME = AccentColor;
				CODE_SIGN_STYLE = Automatic;
				CURRENT_PROJECT_VERSION = 1;
				DEVELOPMENT_ASSET_PATHS = "\"IMDB-SwiftUI/Preview Content\"";
				ENABLE_PREVIEWS = YES;
				GENERATE_INFOPLIST_FILE = YES;
				INFOPLIST_FILE = "IMDB-SwiftUI/Info.plist";
				INFOPLIST_KEY_UIApplicationSceneManifest_Generation = YES;
				INFOPLIST_KEY_UIApplicationSupportsIndirectInputEvents = YES;
				INFOPLIST_KEY_UILaunchScreen_Generation = YES;
				INFOPLIST_KEY_UISupportedInterfaceOrientations_iPad = "UIInterfaceOrientationPortrait UIInterfaceOrientationPortraitUpsideDown UIInterfaceOrientationLandscapeLeft UIInterfaceOrientationLandscapeRight";
				INFOPLIST_KEY_UISupportedInterfaceOrientations_iPhone = "UIInterfaceOrientationPortrait UIInterfaceOrientationLandscapeLeft UIInterfaceOrientationLandscapeRight";
				LD_RUNPATH_SEARCH_PATHS = (
					"$(inherited)",
					"@executable_path/Frameworks",
				);
				MARKETING_VERSION = 1.0;
				PRODUCT_BUNDLE_IDENTIFIER = "com.Kuldeep.IMDB-SwiftUI.IMDB-SwiftUI";
				PRODUCT_NAME = "$(TARGET_NAME)";
				SWIFT_EMIT_LOC_STRINGS = YES;
				SWIFT_VERSION = 5.0;
				TARGETED_DEVICE_FAMILY = "1,2";
			};
			name = Debug;
		};
		B784D40527C4793C0065215E /* Release */ = {
			isa = XCBuildConfiguration;
			buildSettings = {
				ASSETCATALOG_COMPILER_APPICON_NAME = AppIcon;
				ASSETCATALOG_COMPILER_GLOBAL_ACCENT_COLOR_NAME = AccentColor;
				CODE_SIGN_STYLE = Automatic;
				CURRENT_PROJECT_VERSION = 1;
				DEVELOPMENT_ASSET_PATHS = "\"IMDB-SwiftUI/Preview Content\"";
				ENABLE_PREVIEWS = YES;
				GENERATE_INFOPLIST_FILE = YES;
				INFOPLIST_FILE = "IMDB-SwiftUI/Info.plist";
				INFOPLIST_KEY_UIApplicationSceneManifest_Generation = YES;
				INFOPLIST_KEY_UIApplicationSupportsIndirectInputEvents = YES;
				INFOPLIST_KEY_UILaunchScreen_Generation = YES;
				INFOPLIST_KEY_UISupportedInterfaceOrientations_iPad = "UIInterfaceOrientationPortrait UIInterfaceOrientationPortraitUpsideDown UIInterfaceOrientationLandscapeLeft UIInterfaceOrientationLandscapeRight";
				INFOPLIST_KEY_UISupportedInterfaceOrientations_iPhone = "UIInterfaceOrientationPortrait UIInterfaceOrientationLandscapeLeft UIInterfaceOrientationLandscapeRight";
				LD_RUNPATH_SEARCH_PATHS = (
					"$(inherited)",
					"@executable_path/Frameworks",
				);
				MARKETING_VERSION = 1.0;
				PRODUCT_BUNDLE_IDENTIFIER = "com.Kuldeep.IMDB-SwiftUI.IMDB-SwiftUI";
				PRODUCT_NAME = "$(TARGET_NAME)";
				SWIFT_EMIT_LOC_STRINGS = YES;
				SWIFT_VERSION = 5.0;
				TARGETED_DEVICE_FAMILY = "1,2";
			};
			name = Release;
		};
		B784D40727C4793C0065215E /* Debug */ = {
			isa = XCBuildConfiguration;
			buildSettings = {
				ALWAYS_EMBED_SWIFT_STANDARD_LIBRARIES = YES;
				BUNDLE_LOADER = "$(TEST_HOST)";
				CODE_SIGN_STYLE = Automatic;
				CURRENT_PROJECT_VERSION = 1;
				GENERATE_INFOPLIST_FILE = YES;
				IPHONEOS_DEPLOYMENT_TARGET = 15.2;
				MARKETING_VERSION = 1.0;
				PRODUCT_BUNDLE_IDENTIFIER = "com.Kuldeep.IMDB-SwiftUI.IMDB-SwiftUITests";
				PRODUCT_NAME = "$(TARGET_NAME)";
				SWIFT_EMIT_LOC_STRINGS = NO;
				SWIFT_VERSION = 5.0;
				TARGETED_DEVICE_FAMILY = "1,2";
				TEST_HOST = "$(BUILT_PRODUCTS_DIR)/IMDB-SwiftUI.app/IMDB-SwiftUI";
			};
			name = Debug;
		};
		B784D40827C4793C0065215E /* Release */ = {
			isa = XCBuildConfiguration;
			buildSettings = {
				ALWAYS_EMBED_SWIFT_STANDARD_LIBRARIES = YES;
				BUNDLE_LOADER = "$(TEST_HOST)";
				CODE_SIGN_STYLE = Automatic;
				CURRENT_PROJECT_VERSION = 1;
				GENERATE_INFOPLIST_FILE = YES;
				IPHONEOS_DEPLOYMENT_TARGET = 15.2;
				MARKETING_VERSION = 1.0;
				PRODUCT_BUNDLE_IDENTIFIER = "com.Kuldeep.IMDB-SwiftUI.IMDB-SwiftUITests";
				PRODUCT_NAME = "$(TARGET_NAME)";
				SWIFT_EMIT_LOC_STRINGS = NO;
				SWIFT_VERSION = 5.0;
				TARGETED_DEVICE_FAMILY = "1,2";
				TEST_HOST = "$(BUILT_PRODUCTS_DIR)/IMDB-SwiftUI.app/IMDB-SwiftUI";
			};
			name = Release;
		};
		B784D40A27C4793C0065215E /* Debug */ = {
			isa = XCBuildConfiguration;
			buildSettings = {
				ALWAYS_EMBED_SWIFT_STANDARD_LIBRARIES = YES;
				CODE_SIGN_STYLE = Automatic;
				CURRENT_PROJECT_VERSION = 1;
				GENERATE_INFOPLIST_FILE = YES;
				MARKETING_VERSION = 1.0;
				PRODUCT_BUNDLE_IDENTIFIER = "com.Kuldeep.IMDB-SwiftUI.IMDB-SwiftUIUITests";
				PRODUCT_NAME = "$(TARGET_NAME)";
				SWIFT_EMIT_LOC_STRINGS = NO;
				SWIFT_VERSION = 5.0;
				TARGETED_DEVICE_FAMILY = "1,2";
				TEST_TARGET_NAME = "IMDB-SwiftUI";
			};
			name = Debug;
		};
		B784D40B27C4793C0065215E /* Release */ = {
			isa = XCBuildConfiguration;
			buildSettings = {
				ALWAYS_EMBED_SWIFT_STANDARD_LIBRARIES = YES;
				CODE_SIGN_STYLE = Automatic;
				CURRENT_PROJECT_VERSION = 1;
				GENERATE_INFOPLIST_FILE = YES;
				MARKETING_VERSION = 1.0;
				PRODUCT_BUNDLE_IDENTIFIER = "com.Kuldeep.IMDB-SwiftUI.IMDB-SwiftUIUITests";
				PRODUCT_NAME = "$(TARGET_NAME)";
				SWIFT_EMIT_LOC_STRINGS = NO;
				SWIFT_VERSION = 5.0;
				TARGETED_DEVICE_FAMILY = "1,2";
				TEST_TARGET_NAME = "IMDB-SwiftUI";
			};
			name = Release;
		};
/* End XCBuildConfiguration section */

/* Begin XCConfigurationList section */
		B784D3DA27C479360065215E /* Build configuration list for PBXProject "IMDB-SwiftUI" */ = {
			isa = XCConfigurationList;
			buildConfigurations = (
				B784D40127C4793C0065215E /* Debug */,
				B784D40227C4793C0065215E /* Release */,
			);
			defaultConfigurationIsVisible = 0;
			defaultConfigurationName = Release;
		};
		B784D40327C4793C0065215E /* Build configuration list for PBXNativeTarget "IMDB-SwiftUI" */ = {
			isa = XCConfigurationList;
			buildConfigurations = (
				B784D40427C4793C0065215E /* Debug */,
				B784D40527C4793C0065215E /* Release */,
			);
			defaultConfigurationIsVisible = 0;
			defaultConfigurationName = Release;
		};
		B784D40627C4793C0065215E /* Build configuration list for PBXNativeTarget "IMDB-SwiftUITests" */ = {
			isa = XCConfigurationList;
			buildConfigurations = (
				B784D40727C4793C0065215E /* Debug */,
				B784D40827C4793C0065215E /* Release */,
			);
			defaultConfigurationIsVisible = 0;
			defaultConfigurationName = Release;
		};
		B784D40927C4793C0065215E /* Build configuration list for PBXNativeTarget "IMDB-SwiftUIUITests" */ = {
			isa = XCConfigurationList;
			buildConfigurations = (
				B784D40A27C4793C0065215E /* Debug */,
				B784D40B27C4793C0065215E /* Release */,
			);
			defaultConfigurationIsVisible = 0;
			defaultConfigurationName = Release;
		};
/* End XCConfigurationList section */
	};
	rootObject = B784D3D727C479360065215E /* Project object */;
}
